
Microsoft Visual Studio Solution File, Format Version 12.00
# Visual Studio Version 16
VisualStudioVersion = 16.0.31729.503
MinimumVisualStudioVersion = 10.0.40219.1
Project("{FAE04EC0-301F-11D3-BF4B-00C04F79EFBC}") = "FirstUnitTest", "FirstUnitTest\FirstUnitTest.csproj", "{D42B7E12-C2C6-4BE6-9315-D9391858F7F4}"
EndProject
Project("{FAE04EC0-301F-11D3-BF4B-00C04F79EFBC}") = "BankTests", "BankTests\BankTests.csproj", "{4C3DBACA-9C76-452E-86DD-B4CFD66E35AE}"
EndProject
Global
	GlobalSection(SolutionConfigurationPlatforms) = preSolution
		Debug|Any CPU = Debug|Any CPU
		Release|Any CPU = Release|Any CPU
	EndGlobalSection
	GlobalSection(ProjectConfigurationPlatforms) = postSolution
		{D42B7E12-C2C6-4BE6-9315-D9391858F7F4}.Debug|Any CPU.ActiveCfg = Debug|Any CPU
		{D42B7E12-C2C6-4BE6-9315-D9391858F7F4}.Debug|Any CPU.Build.0 = Debug|Any CPU
		{D42B7E12-C2C6-4BE6-9315-D9391858F7F4}.Release|Any CPU.ActiveCfg = Release|Any CPU
		{D42B7E12-C2C6-4BE6-9315-D9391858F7F4}.Release|Any CPU.Build.0 = Release|Any CPU
		{4C3DBACA-9C76-452E-86DD-B4CFD66E35AE}.Debug|Any CPU.ActiveCfg = Debug|Any CPU
		{4C3DBACA-9C76-452E-86DD-B4CFD66E35AE}.Debug|Any CPU.Build.0 = Debug|Any CPU
		{4C3DBACA-9C76-452E-86DD-B4CFD66E35AE}.Release|Any CPU.ActiveCfg = Release|Any CPU
		{4C3DBACA-9C76-452E-86DD-B4CFD66E35AE}.Release|Any CPU.Build.0 = Release|Any CPU
	EndGlobalSection
	GlobalSection(SolutionProperties) = preSolution
		HideSolutionNode = FALSE
	EndGlobalSection
	GlobalSection(ExtensibilityGlobals) = postSolution
		SolutionGuid = {758B7FBE-D7F5-4FDB-8FAB-03961A803663}
	EndGlobalSection
EndGlobal
